
Microsoft Visual Studio Solution File, Format Version 12.00
# Visual Studio Version 17
VisualStudioVersion = 17.10.35027.167
MinimumVisualStudioVersion = 10.0.40219.1
Project("{9A19103F-16F7-4668-BE54-9A1E7A4F7556}") = "BookStore", "BookStore\BookStore.csproj", "{6E463057-273D-41BE-846E-2CE4A0D039BE}"
EndProject
Project("{FAE04EC0-301F-11D3-BF4B-00C04F79EFBC}") = "BookStore.Test", "BookStore.Test\BookStore.Test.csproj", "{161DA1A0-4573-4AB8-B2E0-0172ABD89628}"
EndProject
Global
	GlobalSection(SolutionConfigurationPlatforms) = preSolution
		Debug|Any CPU = Debug|Any CPU
		Release|Any CPU = Release|Any CPU
	EndGlobalSection
	GlobalSection(ProjectConfigurationPlatforms) = postSolution
		{6E463057-273D-41BE-846E-2CE4A0D039BE}.Debug|Any CPU.ActiveCfg = Debug|Any CPU
		{6E463057-273D-41BE-846E-2CE4A0D039BE}.Debug|Any CPU.Build.0 = Debug|Any CPU
		{6E463057-273D-41BE-846E-2CE4A0D039BE}.Release|Any CPU.ActiveCfg = Release|Any CPU
		{6E463057-273D-41BE-846E-2CE4A0D039BE}.Release|Any CPU.Build.0 = Release|Any CPU
		{161DA1A0-4573-4AB8-B2E0-0172ABD89628}.Debug|Any CPU.ActiveCfg = Debug|Any CPU
		{161DA1A0-4573-4AB8-B2E0-0172ABD89628}.Debug|Any CPU.Build.0 = Debug|Any CPU
		{161DA1A0-4573-4AB8-B2E0-0172ABD89628}.Release|Any CPU.ActiveCfg = Release|Any CPU
		{161DA1A0-4573-4AB8-B2E0-0172ABD89628}.Release|Any CPU.Build.0 = Release|Any CPU
	EndGlobalSection
	GlobalSection(SolutionProperties) = preSolution
		HideSolutionNode = FALSE
	EndGlobalSection
	GlobalSection(ExtensibilityGlobals) = postSolution
		SolutionGuid = {4EC101C9-B6A0-4A4C-9DCC-D2A70EA1F2D4}
	EndGlobalSection
EndGlobal
